
Microsoft Visual Studio Solution File, Format Version 12.00
# Visual Studio Version 17
VisualStudioVersion = 17.0.31903.59
MinimumVisualStudioVersion = 10.0.40219.1
Project("{9A19103F-16F7-4668-BE54-9A1E7A4F7556}") = "BlazorBootstrap", "blazorbootstrap\BlazorBootstrap.csproj", "{23D9E8D8-8F90-457A-96B5-4BDA599D37AE}"
EndProject
Project("{9A19103F-16F7-4668-BE54-9A1E7A4F7556}") = "BlazorBootstrap.UI", "BlazorBootstrap.UI\BlazorBootstrap.UI.csproj", "{710E0A10-0567-495D-AA48-A99293D2EA62}"
EndProject
Global
	GlobalSection(SolutionConfigurationPlatforms) = preSolution
		Debug|Any CPU = Debug|Any CPU
		Release|Any CPU = Release|Any CPU
	EndGlobalSection
	GlobalSection(ProjectConfigurationPlatforms) = postSolution
		{23D9E8D8-8F90-457A-96B5-4BDA599D37AE}.Debug|Any CPU.ActiveCfg = Debug|Any CPU
		{23D9E8D8-8F90-457A-96B5-4BDA599D37AE}.Debug|Any CPU.Build.0 = Debug|Any CPU
		{23D9E8D8-8F90-457A-96B5-4BDA599D37AE}.Release|Any CPU.ActiveCfg = Release|Any CPU
		{23D9E8D8-8F90-457A-96B5-4BDA599D37AE}.Release|Any CPU.Build.0 = Release|Any CPU
		{710E0A10-0567-495D-AA48-A99293D2EA62}.Debug|Any CPU.ActiveCfg = Debug|Any CPU
		{710E0A10-0567-495D-AA48-A99293D2EA62}.Debug|Any CPU.Build.0 = Debug|Any CPU
		{710E0A10-0567-495D-AA48-A99293D2EA62}.Release|Any CPU.ActiveCfg = Release|Any CPU
		{710E0A10-0567-495D-AA48-A99293D2EA62}.Release|Any CPU.Build.0 = Release|Any CPU
	EndGlobalSection
	GlobalSection(SolutionProperties) = preSolution
		HideSolutionNode = FALSE
	EndGlobalSection
	GlobalSection(ExtensibilityGlobals) = postSolution
		SolutionGuid = {810B19D0-6AB6-4959-A8D7-340A2F72DF6F}
	EndGlobalSection
EndGlobal
