
Microsoft Visual Studio Solution File, Format Version 12.00
# Visual Studio Version 17
VisualStudioVersion = 17.0.31903.59
MinimumVisualStudioVersion = 10.0.40219.1
Project("{9A19103F-16F7-4668-BE54-9A1E7A4F7556}") = "BlazorBootstrap", "blazorbootstrap\BlazorBootstrap.csproj", "{23D9E8D8-8F90-457A-96B5-4BDA599D37AE}"
EndProject
Project("{2150E333-8FDC-42A3-9474-1A3956D46DE8}") = "src", "src", "{74FC2FB9-8E21-439A-8646-DF30A02041A1}"
EndProject
Project("{2150E333-8FDC-42A3-9474-1A3956D46DE8}") = "demos", "demos", "{7DABA756-9F2F-48A6-B8D3-B104262D11B1}"
EndProject
Project("{9A19103F-16F7-4668-BE54-9A1E7A4F7556}") = "BlazorBootstrap.Demo.Hosted.Server", "BlazorBootstrap.Demo.Hosted\Server\BlazorBootstrap.Demo.Hosted.Server.csproj", "{D8A68986-BC6C-46AD-A089-7F325884E966}"
EndProject
Project("{9A19103F-16F7-4668-BE54-9A1E7A4F7556}") = "BlazorBootstrap.Demo.Hosted.Client", "BlazorBootstrap.Demo.Hosted\Client\BlazorBootstrap.Demo.Hosted.Client.csproj", "{CA121C94-88EC-4902-9FCD-8394BDEB0355}"
EndProject
Project("{9A19103F-16F7-4668-BE54-9A1E7A4F7556}") = "BlazorBootstrap.Demo.RCL", "BlazorBootstrap.Demo.RCL\BlazorBootstrap.Demo.RCL.csproj", "{190E07ED-8888-4F3B-8484-46BF6FC4C982}"
EndProject
Project("{9A19103F-16F7-4668-BE54-9A1E7A4F7556}") = "BlazorBootstrap.Demo.WebAssembly", "BlazorBootstrap.Demo.WebAssembly\BlazorBootstrap.Demo.WebAssembly.csproj", "{710E0A10-0567-495D-AA48-A99293D2EA62}"
EndProject
Project("{FAE04EC0-301F-11D3-BF4B-00C04F79EFBC}") = "BlazorBootstrap.Demo.Server", "BlazorBootstrap.Demo.Server\BlazorBootstrap.Demo.Server.csproj", "{B133D9CF-EC94-416B-A4A6-6E2BD8DAF0C1}"
EndProject
Global
	GlobalSection(SolutionConfigurationPlatforms) = preSolution
		Debug|Any CPU = Debug|Any CPU
		Release|Any CPU = Release|Any CPU
	EndGlobalSection
	GlobalSection(ProjectConfigurationPlatforms) = postSolution
		{23D9E8D8-8F90-457A-96B5-4BDA599D37AE}.Debug|Any CPU.ActiveCfg = Debug|Any CPU
		{23D9E8D8-8F90-457A-96B5-4BDA599D37AE}.Debug|Any CPU.Build.0 = Debug|Any CPU
		{23D9E8D8-8F90-457A-96B5-4BDA599D37AE}.Release|Any CPU.ActiveCfg = Release|Any CPU
		{23D9E8D8-8F90-457A-96B5-4BDA599D37AE}.Release|Any CPU.Build.0 = Release|Any CPU
		{D8A68986-BC6C-46AD-A089-7F325884E966}.Debug|Any CPU.ActiveCfg = Debug|Any CPU
		{D8A68986-BC6C-46AD-A089-7F325884E966}.Debug|Any CPU.Build.0 = Debug|Any CPU
		{D8A68986-BC6C-46AD-A089-7F325884E966}.Release|Any CPU.ActiveCfg = Release|Any CPU
		{D8A68986-BC6C-46AD-A089-7F325884E966}.Release|Any CPU.Build.0 = Release|Any CPU
		{CA121C94-88EC-4902-9FCD-8394BDEB0355}.Debug|Any CPU.ActiveCfg = Debug|Any CPU
		{CA121C94-88EC-4902-9FCD-8394BDEB0355}.Debug|Any CPU.Build.0 = Debug|Any CPU
		{CA121C94-88EC-4902-9FCD-8394BDEB0355}.Release|Any CPU.ActiveCfg = Release|Any CPU
		{CA121C94-88EC-4902-9FCD-8394BDEB0355}.Release|Any CPU.Build.0 = Release|Any CPU
		{190E07ED-8888-4F3B-8484-46BF6FC4C982}.Debug|Any CPU.ActiveCfg = Debug|Any CPU
		{190E07ED-8888-4F3B-8484-46BF6FC4C982}.Debug|Any CPU.Build.0 = Debug|Any CPU
		{190E07ED-8888-4F3B-8484-46BF6FC4C982}.Release|Any CPU.ActiveCfg = Release|Any CPU
		{190E07ED-8888-4F3B-8484-46BF6FC4C982}.Release|Any CPU.Build.0 = Release|Any CPU
		{710E0A10-0567-495D-AA48-A99293D2EA62}.Debug|Any CPU.ActiveCfg = Debug|Any CPU
		{710E0A10-0567-495D-AA48-A99293D2EA62}.Debug|Any CPU.Build.0 = Debug|Any CPU
		{710E0A10-0567-495D-AA48-A99293D2EA62}.Release|Any CPU.ActiveCfg = Release|Any CPU
		{710E0A10-0567-495D-AA48-A99293D2EA62}.Release|Any CPU.Build.0 = Release|Any CPU
		{B133D9CF-EC94-416B-A4A6-6E2BD8DAF0C1}.Debug|Any CPU.ActiveCfg = Debug|Any CPU
		{B133D9CF-EC94-416B-A4A6-6E2BD8DAF0C1}.Debug|Any CPU.Build.0 = Debug|Any CPU
		{B133D9CF-EC94-416B-A4A6-6E2BD8DAF0C1}.Release|Any CPU.ActiveCfg = Release|Any CPU
		{B133D9CF-EC94-416B-A4A6-6E2BD8DAF0C1}.Release|Any CPU.Build.0 = Release|Any CPU
	EndGlobalSection
	GlobalSection(SolutionProperties) = preSolution
		HideSolutionNode = FALSE
	EndGlobalSection
	GlobalSection(NestedProjects) = preSolution
		{23D9E8D8-8F90-457A-96B5-4BDA599D37AE} = {74FC2FB9-8E21-439A-8646-DF30A02041A1}
		{D8A68986-BC6C-46AD-A089-7F325884E966} = {7DABA756-9F2F-48A6-B8D3-B104262D11B1}
		{CA121C94-88EC-4902-9FCD-8394BDEB0355} = {7DABA756-9F2F-48A6-B8D3-B104262D11B1}
		{190E07ED-8888-4F3B-8484-46BF6FC4C982} = {7DABA756-9F2F-48A6-B8D3-B104262D11B1}
		{710E0A10-0567-495D-AA48-A99293D2EA62} = {7DABA756-9F2F-48A6-B8D3-B104262D11B1}
		{B133D9CF-EC94-416B-A4A6-6E2BD8DAF0C1} = {7DABA756-9F2F-48A6-B8D3-B104262D11B1}
	EndGlobalSection
	GlobalSection(ExtensibilityGlobals) = postSolution
		SolutionGuid = {810B19D0-6AB6-4959-A8D7-340A2F72DF6F}
	EndGlobalSection
EndGlobal
